{
  "name": "xsvparser",
  "version": "0.0.1",
  "lockfileVersion": 1,
  "requires": true,
  "dependencies": {
    "encoding-japanese": {
      "version": "1.0.29",
      "resolved": "https://registry.npmjs.org/encoding-japanese/-/encoding-japanese-1.0.29.tgz",
      "integrity": "sha1-9m2xfyr6rfmji2sCJ8DId9LyxbE=",
      "dev": true
    },
    "parsimmon": {
      "version": "file:parsimmon",
      "dev": true
    }
  }
}
